
Microsoft Visual Studio Solution File, Format Version 12.00
# Visual Studio 2013
VisualStudioVersion = 12.0.21005.1
MinimumVisualStudioVersion = 10.0.40219.1
Project("{FAE04EC0-301F-11D3-BF4B-00C04F79EFBC}") = "Array_rank_length", "Array_rank_length\Array_rank_length.csproj", "{6CAF55A3-FBDB-4588-AC4E-42FC48F35012}"
EndProject
Global
	GlobalSection(SolutionConfigurationPlatforms) = preSolution
		Debug|Any CPU = Debug|Any CPU
		Release|Any CPU = Release|Any CPU
	EndGlobalSection
	GlobalSection(ProjectConfigurationPlatforms) = postSolution
		{6CAF55A3-FBDB-4588-AC4E-42FC48F35012}.Debug|Any CPU.ActiveCfg = Debug|Any CPU
		{6CAF55A3-FBDB-4588-AC4E-42FC48F35012}.Debug|Any CPU.Build.0 = Debug|Any CPU
		{6CAF55A3-FBDB-4588-AC4E-42FC48F35012}.Release|Any CPU.ActiveCfg = Release|Any CPU
		{6CAF55A3-FBDB-4588-AC4E-42FC48F35012}.Release|Any CPU.Build.0 = Release|Any CPU
	EndGlobalSection
	GlobalSection(SolutionProperties) = preSolution
		HideSolutionNode = FALSE
	EndGlobalSection
EndGlobal
